
Microsoft Visual Studio Solution File, Format Version 12.00
# Visual Studio Version 17
VisualStudioVersion = 17.4.33205.214
MinimumVisualStudioVersion = 10.0.40219.1
Project("{8BC9CEB8-8B4A-11D0-8D11-00A0C91BC942}") = "WFPDemo", "WFPDemo\WFPDemo.vcxproj", "{BA71B15B-4D4B-4391-879F-CB0A4EF3AFA6}"
EndProject
Project("{8BC9CEB8-8B4A-11D0-8D11-00A0C91BC942}") = "WFPDriverDemo", "WFPDriverDemo\WFPDriverDemo.vcxproj", "{BA60F9DA-1200-43B5-ABCE-68746B1D346A}"
EndProject
Project("{8BC9CEB8-8B4A-11D0-8D11-00A0C91BC942}") = "WDFDemo", "WDFDemo\WDFDemo.vcxproj", "{ADDCE197-3F82-4743-A98E-E365ACCDEC51}"
EndProject
Project("{8BC9CEB8-8B4A-11D0-8D11-00A0C91BC942}") = "wdfapp", "wdfapp\wdfapp.vcxproj", "{712DD3C0-A3E1-4FA3-AEF1-4659F1249B0E}"
EndProject
Global
	GlobalSection(SolutionConfigurationPlatforms) = preSolution
		Debug|ARM64 = Debug|ARM64
		Debug|x64 = Debug|x64
		Debug|x86 = Debug|x86
		Release|ARM64 = Release|ARM64
		Release|x64 = Release|x64
		Release|x86 = Release|x86
	EndGlobalSection
	GlobalSection(ProjectConfigurationPlatforms) = postSolution
		{BA71B15B-4D4B-4391-879F-CB0A4EF3AFA6}.Debug|ARM64.ActiveCfg = Debug|x64
		{BA71B15B-4D4B-4391-879F-CB0A4EF3AFA6}.Debug|ARM64.Build.0 = Debug|x64
		{BA71B15B-4D4B-4391-879F-CB0A4EF3AFA6}.Debug|x64.ActiveCfg = Debug|x64
		{BA71B15B-4D4B-4391-879F-CB0A4EF3AFA6}.Debug|x64.Build.0 = Debug|x64
		{BA71B15B-4D4B-4391-879F-CB0A4EF3AFA6}.Debug|x86.ActiveCfg = Debug|Win32
		{BA71B15B-4D4B-4391-879F-CB0A4EF3AFA6}.Debug|x86.Build.0 = Debug|Win32
		{BA71B15B-4D4B-4391-879F-CB0A4EF3AFA6}.Release|ARM64.ActiveCfg = Release|x64
		{BA71B15B-4D4B-4391-879F-CB0A4EF3AFA6}.Release|ARM64.Build.0 = Release|x64
		{BA71B15B-4D4B-4391-879F-CB0A4EF3AFA6}.Release|x64.ActiveCfg = Release|x64
		{BA71B15B-4D4B-4391-879F-CB0A4EF3AFA6}.Release|x64.Build.0 = Release|x64
		{BA71B15B-4D4B-4391-879F-CB0A4EF3AFA6}.Release|x86.ActiveCfg = Release|Win32
		{BA71B15B-4D4B-4391-879F-CB0A4EF3AFA6}.Release|x86.Build.0 = Release|Win32
		{BA60F9DA-1200-43B5-ABCE-68746B1D346A}.Debug|ARM64.ActiveCfg = Debug|ARM64
		{BA60F9DA-1200-43B5-ABCE-68746B1D346A}.Debug|ARM64.Build.0 = Debug|ARM64
		{BA60F9DA-1200-43B5-ABCE-68746B1D346A}.Debug|ARM64.Deploy.0 = Debug|ARM64
		{BA60F9DA-1200-43B5-ABCE-68746B1D346A}.Debug|x64.ActiveCfg = Debug|x64
		{BA60F9DA-1200-43B5-ABCE-68746B1D346A}.Debug|x64.Build.0 = Debug|x64
		{BA60F9DA-1200-43B5-ABCE-68746B1D346A}.Debug|x64.Deploy.0 = Debug|x64
		{BA60F9DA-1200-43B5-ABCE-68746B1D346A}.Debug|x86.ActiveCfg = Debug|x64
		{BA60F9DA-1200-43B5-ABCE-68746B1D346A}.Debug|x86.Build.0 = Debug|x64
		{BA60F9DA-1200-43B5-ABCE-68746B1D346A}.Debug|x86.Deploy.0 = Debug|x64
		{BA60F9DA-1200-43B5-ABCE-68746B1D346A}.Release|ARM64.ActiveCfg = Release|ARM64
		{BA60F9DA-1200-43B5-ABCE-68746B1D346A}.Release|ARM64.Build.0 = Release|ARM64
		{BA60F9DA-1200-43B5-ABCE-68746B1D346A}.Release|ARM64.Deploy.0 = Release|ARM64
		{BA60F9DA-1200-43B5-ABCE-68746B1D346A}.Release|x64.ActiveCfg = Release|x64
		{BA60F9DA-1200-43B5-ABCE-68746B1D346A}.Release|x64.Build.0 = Release|x64
		{BA60F9DA-1200-43B5-ABCE-68746B1D346A}.Release|x64.Deploy.0 = Release|x64
		{BA60F9DA-1200-43B5-ABCE-68746B1D346A}.Release|x86.ActiveCfg = Release|x64
		{BA60F9DA-1200-43B5-ABCE-68746B1D346A}.Release|x86.Build.0 = Release|x64
		{BA60F9DA-1200-43B5-ABCE-68746B1D346A}.Release|x86.Deploy.0 = Release|x64
		{ADDCE197-3F82-4743-A98E-E365ACCDEC51}.Debug|ARM64.ActiveCfg = Debug|ARM64
		{ADDCE197-3F82-4743-A98E-E365ACCDEC51}.Debug|ARM64.Build.0 = Debug|ARM64
		{ADDCE197-3F82-4743-A98E-E365ACCDEC51}.Debug|ARM64.Deploy.0 = Debug|ARM64
		{ADDCE197-3F82-4743-A98E-E365ACCDEC51}.Debug|x64.ActiveCfg = Debug|x64
		{ADDCE197-3F82-4743-A98E-E365ACCDEC51}.Debug|x64.Build.0 = Debug|x64
		{ADDCE197-3F82-4743-A98E-E365ACCDEC51}.Debug|x64.Deploy.0 = Debug|x64
		{ADDCE197-3F82-4743-A98E-E365ACCDEC51}.Debug|x86.ActiveCfg = Debug|x64
		{ADDCE197-3F82-4743-A98E-E365ACCDEC51}.Debug|x86.Build.0 = Debug|x64
		{ADDCE197-3F82-4743-A98E-E365ACCDEC51}.Debug|x86.Deploy.0 = Debug|x64
		{ADDCE197-3F82-4743-A98E-E365ACCDEC51}.Release|ARM64.ActiveCfg = Release|ARM64
		{ADDCE197-3F82-4743-A98E-E365ACCDEC51}.Release|ARM64.Build.0 = Release|ARM64
		{ADDCE197-3F82-4743-A98E-E365ACCDEC51}.Release|ARM64.Deploy.0 = Release|ARM64
		{ADDCE197-3F82-4743-A98E-E365ACCDEC51}.Release|x64.ActiveCfg = Release|x64
		{ADDCE197-3F82-4743-A98E-E365ACCDEC51}.Release|x64.Build.0 = Release|x64
		{ADDCE197-3F82-4743-A98E-E365ACCDEC51}.Release|x64.Deploy.0 = Release|x64
		{ADDCE197-3F82-4743-A98E-E365ACCDEC51}.Release|x86.ActiveCfg = Release|x64
		{ADDCE197-3F82-4743-A98E-E365ACCDEC51}.Release|x86.Build.0 = Release|x64
		{ADDCE197-3F82-4743-A98E-E365ACCDEC51}.Release|x86.Deploy.0 = Release|x64
		{712DD3C0-A3E1-4FA3-AEF1-4659F1249B0E}.Debug|ARM64.ActiveCfg = Debug|x64
		{712DD3C0-A3E1-4FA3-AEF1-4659F1249B0E}.Debug|ARM64.Build.0 = Debug|x64
		{712DD3C0-A3E1-4FA3-AEF1-4659F1249B0E}.Debug|x64.ActiveCfg = Debug|x64
		{712DD3C0-A3E1-4FA3-AEF1-4659F1249B0E}.Debug|x64.Build.0 = Debug|x64
		{712DD3C0-A3E1-4FA3-AEF1-4659F1249B0E}.Debug|x86.ActiveCfg = Debug|Win32
		{712DD3C0-A3E1-4FA3-AEF1-4659F1249B0E}.Debug|x86.Build.0 = Debug|Win32
		{712DD3C0-A3E1-4FA3-AEF1-4659F1249B0E}.Release|ARM64.ActiveCfg = Release|x64
		{712DD3C0-A3E1-4FA3-AEF1-4659F1249B0E}.Release|ARM64.Build.0 = Release|x64
		{712DD3C0-A3E1-4FA3-AEF1-4659F1249B0E}.Release|x64.ActiveCfg = Release|x64
		{712DD3C0-A3E1-4FA3-AEF1-4659F1249B0E}.Release|x64.Build.0 = Release|x64
		{712DD3C0-A3E1-4FA3-AEF1-4659F1249B0E}.Release|x86.ActiveCfg = Release|Win32
		{712DD3C0-A3E1-4FA3-AEF1-4659F1249B0E}.Release|x86.Build.0 = Release|Win32
	EndGlobalSection
	GlobalSection(SolutionProperties) = preSolution
		HideSolutionNode = FALSE
	EndGlobalSection
	GlobalSection(ExtensibilityGlobals) = postSolution
		SolutionGuid = {FD74E876-4702-4D65-B833-0F688E501AE5}
	EndGlobalSection
EndGlobal
